// !$*UTF8*$!
{
	archiveVersion = 1;
	classes = {
	};
	objectVersion = 56;
	objects = {

/* Begin PBXBuildFile section */
		E211851F2E7AFCD8003680F2 /* AppDelegate.m in Sources */ = {isa = PBXBuildFile; fileRef = E211851E2E7AFCD8003680F2 /* AppDelegate.m */; };
		E21185222E7AFCD8003680F2 /* SceneDelegate.m in Sources */ = {isa = PBXBuildFile; fileRef = E21185212E7AFCD8003680F2 /* SceneDelegate.m */; };
		E21185282E7AFCD8003680F2 /* Main.storyboard in Resources */ = {isa = PBXBuildFile; fileRef = E21185262E7AFCD8003680F2 /* Main.storyboard */; };
		E211852A2E7AFCDD003680F2 /* Assets.xcassets in Resources */ = {isa = PBXBuildFile; fileRef = E21185292E7AFCDD003680F2 /* Assets.xcassets */; };
		E211852D2E7AFCDD003680F2 /* LaunchScreen.storyboard in Resources */ = {isa = PBXBuildFile; fileRef = E211852B2E7AFCDD003680F2 /* LaunchScreen.storyboard */; };
		E21185302E7AFCDE003680F2 /* main.m in Sources */ = {isa = PBXBuildFile; fileRef = E211852F2E7AFCDE003680F2 /* main.m */; };
		E211853A2E7B0F71003680F2 /* JGLView.m in Sources */ = {isa = PBXBuildFile; fileRef = E21185392E7B0F71003680F2 /* JGLView.m */; };
		E211853D2E7B1025003680F2 /* JGLESUtils.m in Sources */ = {isa = PBXBuildFile; fileRef = E211853C2E7B1024003680F2 /* JGLESUtils.m */; };
		E25072652E7BA5BF00EE20F2 /* VertexShader.glsl in Resources */ = {isa = PBXBuildFile; fileRef = E25072642E7BA5BF00EE20F2 /* VertexShader.glsl */; };
		E25072672E7BA5D900EE20F2 /* FragmentShader.glsl in Resources */ = {isa = PBXBuildFile; fileRef = E25072662E7BA5D900EE20F2 /* FragmentShader.glsl */; };
		E2ED0F0C2E7C019F00841BDB /* ViewController.m in Sources */ = {isa = PBXBuildFile; fileRef = E21185242E7AFCD8003680F2 /* ViewController.m */; };
		E2F2ACB52E98A75700CEB806 /* ksMatrix.c in Sources */ = {isa = PBXBuildFile; fileRef = E2F2ACB12E98A75700CEB806 /* ksMatrix.c */; };
		E2F2ACB62E98A75700CEB806 /* ksVector.c in Sources */ = {isa = PBXBuildFile; fileRef = E2F2ACB42E98A75700CEB806 /* ksVector.c */; };
		E2FB605C2E7BE6930066185E /* UIButton+Block.m in Sources */ = {isa = PBXBuildFile; fileRef = E2FB605B2E7BE6930066185E /* UIButton+Block.m */; };
		E2FB60602E7BF1780066185E /* UIView+Block.m in Sources */ = {isa = PBXBuildFile; fileRef = E2FB605F2E7BF1780066185E /* UIView+Block.m */; };
/* End PBXBuildFile section */

/* Begin PBXFileReference section */
		E211851A2E7AFCD8003680F2 /* JOpenGLGraphic.app */ = {isa = PBXFileReference; explicitFileType = wrapper.application; includeInIndex = 0; path = JOpenGLGraphic.app; sourceTree = BUILT_PRODUCTS_DIR; };
		E211851D2E7AFCD8003680F2 /* AppDelegate.h */ = {isa = PBXFileReference; lastKnownFileType = sourcecode.c.h; path = AppDelegate.h; sourceTree = "<group>"; };
		E211851E2E7AFCD8003680F2 /* AppDelegate.m */ = {isa = PBXFileReference; lastKnownFileType = sourcecode.c.objc; path = AppDelegate.m; sourceTree = "<group>"; };
		E21185202E7AFCD8003680F2 /* SceneDelegate.h */ = {isa = PBXFileReference; lastKnownFileType = sourcecode.c.h; path = SceneDelegate.h; sourceTree = "<group>"; };
		E21185212E7AFCD8003680F2 /* SceneDelegate.m */ = {isa = PBXFileReference; lastKnownFileType = sourcecode.c.objc; path = SceneDelegate.m; sourceTree = "<group>"; };
		E21185232E7AFCD8003680F2 /* ViewController.h */ = {isa = PBXFileReference; lastKnownFileType = sourcecode.c.h; path = ViewController.h; sourceTree = "<group>"; };
		E21185242E7AFCD8003680F2 /* ViewController.m */ = {isa = PBXFileReference; lastKnownFileType = sourcecode.c.objc; path = ViewController.m; sourceTree = "<group>"; };
		E21185272E7AFCD8003680F2 /* Base */ = {isa = PBXFileReference; lastKnownFileType = file.storyboard; name = Base; path = Base.lproj/Main.storyboard; sourceTree = "<group>"; };
		E21185292E7AFCDD003680F2 /* Assets.xcassets */ = {isa = PBXFileReference; lastKnownFileType = folder.assetcatalog; path = Assets.xcassets; sourceTree = "<group>"; };
		E211852C2E7AFCDD003680F2 /* Base */ = {isa = PBXFileReference; lastKnownFileType = file.storyboard; name = Base; path = Base.lproj/LaunchScreen.storyboard; sourceTree = "<group>"; };
		E211852E2E7AFCDE003680F2 /* Info.plist */ = {isa = PBXFileReference; lastKnownFileType = text.plist.xml; path = Info.plist; sourceTree = "<group>"; };
		E211852F2E7AFCDE003680F2 /* main.m */ = {isa = PBXFileReference; lastKnownFileType = sourcecode.c.objc; path = main.m; sourceTree = "<group>"; };
		E21185382E7B0F71003680F2 /* JGLView.h */ = {isa = PBXFileReference; lastKnownFileType = sourcecode.c.h; path = JGLView.h; sourceTree = "<group>"; };
		E21185392E7B0F71003680F2 /* JGLView.m */ = {isa = PBXFileReference; lastKnownFileType = sourcecode.c.objc; path = JGLView.m; sourceTree = "<group>"; };
		E211853B2E7B1024003680F2 /* JGLESUtils.h */ = {isa = PBXFileReference; lastKnownFileType = sourcecode.c.h; path = JGLESUtils.h; sourceTree = "<group>"; };
		E211853C2E7B1024003680F2 /* JGLESUtils.m */ = {isa = PBXFileReference; lastKnownFileType = sourcecode.c.objc; path = JGLESUtils.m; sourceTree = "<group>"; };
		E25072642E7BA5BF00EE20F2 /* VertexShader.glsl */ = {isa = PBXFileReference; lastKnownFileType = text; path = VertexShader.glsl; sourceTree = "<group>"; };
		E25072662E7BA5D900EE20F2 /* FragmentShader.glsl */ = {isa = PBXFileReference; lastKnownFileType = text; path = FragmentShader.glsl; sourceTree = "<group>"; };
		E2F2ACB12E98A75700CEB806 /* ksMatrix.c */ = {isa = PBXFileReference; fileEncoding = 4; lastKnownFileType = sourcecode.c.c; path = ksMatrix.c; sourceTree = "<group>"; };
		E2F2ACB22E98A75700CEB806 /* ksVector.h */ = {isa = PBXFileReference; fileEncoding = 4; lastKnownFileType = sourcecode.c.h; path = ksVector.h; sourceTree = "<group>"; };
		E2F2ACB32E98A75700CEB806 /* ksMatrix.h */ = {isa = PBXFileReference; fileEncoding = 4; lastKnownFileType = sourcecode.c.h; path = ksMatrix.h; sourceTree = "<group>"; };
		E2F2ACB42E98A75700CEB806 /* ksVector.c */ = {isa = PBXFileReference; fileEncoding = 4; lastKnownFileType = sourcecode.c.c; path = ksVector.c; sourceTree = "<group>"; };
		E2FB605A2E7BE6930066185E /* UIButton+Block.h */ = {isa = PBXFileReference; lastKnownFileType = sourcecode.c.h; path = "UIButton+Block.h"; sourceTree = "<group>"; };
		E2FB605B2E7BE6930066185E /* UIButton+Block.m */ = {isa = PBXFileReference; lastKnownFileType = sourcecode.c.objc; path = "UIButton+Block.m"; sourceTree = "<group>"; };
		E2FB605E2E7BF1780066185E /* UIView+Block.h */ = {isa = PBXFileReference; lastKnownFileType = sourcecode.c.h; path = "UIView+Block.h"; sourceTree = "<group>"; };
		E2FB605F2E7BF1780066185E /* UIView+Block.m */ = {isa = PBXFileReference; lastKnownFileType = sourcecode.c.objc; path = "UIView+Block.m"; sourceTree = "<group>"; };
/* End PBXFileReference section */

/* Begin PBXFrameworksBuildPhase section */
		E21185172E7AFCD8003680F2 /* Frameworks */ = {
			isa = PBXFrameworksBuildPhase;
			buildActionMask = 2147483647;
			files = (
			);
			runOnlyForDeploymentPostprocessing = 0;
		};
/* End PBXFrameworksBuildPhase section */

/* Begin PBXGroup section */
		E21185112E7AFCD8003680F2 = {
			isa = PBXGroup;
			children = (
				E211851C2E7AFCD8003680F2 /* JOpenGLGraphic */,
				E211851B2E7AFCD8003680F2 /* Products */,
			);
			sourceTree = "<group>";
		};
		E211851B2E7AFCD8003680F2 /* Products */ = {
			isa = PBXGroup;
			children = (
				E211851A2E7AFCD8003680F2 /* JOpenGLGraphic.app */,
			);
			name = Products;
			sourceTree = "<group>";
		};
		E211851C2E7AFCD8003680F2 /* JOpenGLGraphic */ = {
			isa = PBXGroup;
			children = (
				E21185362E7AFDFA003680F2 /* Demo */,
				E21185262E7AFCD8003680F2 /* Main.storyboard */,
				E21185292E7AFCDD003680F2 /* Assets.xcassets */,
				E211852B2E7AFCDD003680F2 /* LaunchScreen.storyboard */,
				E211852E2E7AFCDE003680F2 /* Info.plist */,
				E211852F2E7AFCDE003680F2 /* main.m */,
			);
			path = JOpenGLGraphic;
			sourceTree = "<group>";
		};
		E21185362E7AFDFA003680F2 /* Demo */ = {
			isa = PBXGroup;
			children = (
				E2FB605D2E7BE7170066185E /* Category */,
				E21185372E7B0EE4003680F2 /* OpenGL */,
				E211851D2E7AFCD8003680F2 /* AppDelegate.h */,
				E211851E2E7AFCD8003680F2 /* AppDelegate.m */,
				E21185202E7AFCD8003680F2 /* SceneDelegate.h */,
				E21185212E7AFCD8003680F2 /* SceneDelegate.m */,
				E21185232E7AFCD8003680F2 /* ViewController.h */,
				E21185242E7AFCD8003680F2 /* ViewController.m */,
			);
			path = Demo;
			sourceTree = "<group>";
		};
		E21185372E7B0EE4003680F2 /* OpenGL */ = {
			isa = PBXGroup;
			children = (
				E25072632E7BA58800EE20F2 /* shader */,
				E21185382E7B0F71003680F2 /* JGLView.h */,
				E21185392E7B0F71003680F2 /* JGLView.m */,
				E211853B2E7B1024003680F2 /* JGLESUtils.h */,
				E211853C2E7B1024003680F2 /* JGLESUtils.m */,
				E2F2ACB12E98A75700CEB806 /* ksMatrix.c */,
				E2F2ACB32E98A75700CEB806 /* ksMatrix.h */,
				E2F2ACB42E98A75700CEB806 /* ksVector.c */,
				E2F2ACB22E98A75700CEB806 /* ksVector.h */,
			);
			path = OpenGL;
			sourceTree = "<group>";
		};
		E25072632E7BA58800EE20F2 /* shader */ = {
			isa = PBXGroup;
			children = (
				E25072642E7BA5BF00EE20F2 /* VertexShader.glsl */,
				E25072662E7BA5D900EE20F2 /* FragmentShader.glsl */,
			);
			path = shader;
			sourceTree = "<group>";
		};
		E2FB605D2E7BE7170066185E /* Category */ = {
			isa = PBXGroup;
			children = (
				E2FB605A2E7BE6930066185E /* UIButton+Block.h */,
				E2FB605B2E7BE6930066185E /* UIButton+Block.m */,
				E2FB605E2E7BF1780066185E /* UIView+Block.h */,
				E2FB605F2E7BF1780066185E /* UIView+Block.m */,
			);
			path = Category;
			sourceTree = "<group>";
		};
/* End PBXGroup section */

/* Begin PBXNativeTarget section */
		E21185192E7AFCD8003680F2 /* JOpenGLGraphic */ = {
			isa = PBXNativeTarget;
			buildConfigurationList = E21185332E7AFCDE003680F2 /* Build configuration list for PBXNativeTarget "JOpenGLGraphic" */;
			buildPhases = (
				E21185162E7AFCD8003680F2 /* Sources */,
				E21185172E7AFCD8003680F2 /* Frameworks */,
				E21185182E7AFCD8003680F2 /* Resources */,
			);
			buildRules = (
			);
			dependencies = (
			);
			name = JOpenGLGraphic;
			productName = JOpenGLGraphic;
			productReference = E211851A2E7AFCD8003680F2 /* JOpenGLGraphic.app */;
			productType = "com.apple.product-type.application";
		};
/* End PBXNativeTarget section */

/* Begin PBXProject section */
		E21185122E7AFCD8003680F2 /* Project object */ = {
			isa = PBXProject;
			attributes = {
				BuildIndependentTargetsInParallel = 1;
				LastUpgradeCheck = 1410;
				TargetAttributes = {
					E21185192E7AFCD8003680F2 = {
						CreatedOnToolsVersion = 14.1;
					};
				};
			};
			buildConfigurationList = E21185152E7AFCD8003680F2 /* Build configuration list for PBXProject "JOpenGLGraphic" */;
			compatibilityVersion = "Xcode 14.0";
			developmentRegion = en;
			hasScannedForEncodings = 0;
			knownRegions = (
				en,
				Base,
			);
			mainGroup = E21185112E7AFCD8003680F2;
			productRefGroup = E21185112E7AFCD8003680F2;
			projectDirPath = "";
			projectRoot = "";
			targets = (
				E21185192E7AFCD8003680F2 /* JOpenGLGraphic */,
			);
		};
/* End PBXProject section */

/* Begin PBXResourcesBuildPhase section */
		E21185182E7AFCD8003680F2 /* Resources */ = {
			isa = PBXResourcesBuildPhase;
			buildActionMask = 2147483647;
			files = (
				E211852D2E7AFCDD003680F2 /* LaunchScreen.storyboard in Resources */,
				E211852A2E7AFCDD003680F2 /* Assets.xcassets in Resources */,
				E25072652E7BA5BF00EE20F2 /* VertexShader.glsl in Resources */,
				E25072672E7BA5D900EE20F2 /* FragmentShader.glsl in Resources */,
				E21185282E7AFCD8003680F2 /* Main.storyboard in Resources */,
			);
			runOnlyForDeploymentPostprocessing = 0;
		};
/* End PBXResourcesBuildPhase section */

/* Begin PBXSourcesBuildPhase section */
		E21185162E7AFCD8003680F2 /* Sources */ = {
			isa = PBXSourcesBuildPhase;
			buildActionMask = 2147483647;
			files = (
				E2FB60602E7BF1780066185E /* UIView+Block.m in Sources */,
				E211851F2E7AFCD8003680F2 /* AppDelegate.m in Sources */,
				E2ED0F0C2E7C019F00841BDB /* ViewController.m in Sources */,
				E21185302E7AFCDE003680F2 /* main.m in Sources */,
				E211853D2E7B1025003680F2 /* JGLESUtils.m in Sources */,
				E2FB605C2E7BE6930066185E /* UIButton+Block.m in Sources */,
				E21185222E7AFCD8003680F2 /* SceneDelegate.m in Sources */,
				E211853A2E7B0F71003680F2 /* JGLView.m in Sources */,
				E2F2ACB62E98A75700CEB806 /* ksVector.c in Sources */,
				E2F2ACB52E98A75700CEB806 /* ksMatrix.c in Sources */,
			);
			runOnlyForDeploymentPostprocessing = 0;
		};
/* End PBXSourcesBuildPhase section */

/* Begin PBXVariantGroup section */
		E21185262E7AFCD8003680F2 /* Main.storyboard */ = {
			isa = PBXVariantGroup;
			children = (
				E21185272E7AFCD8003680F2 /* Base */,
			);
			name = Main.storyboard;
			sourceTree = "<group>";
		};
		E211852B2E7AFCDD003680F2 /* LaunchScreen.storyboard */ = {
			isa = PBXVariantGroup;
			children = (
				E211852C2E7AFCDD003680F2 /* Base */,
			);
			name = LaunchScreen.storyboard;
			sourceTree = "<group>";
		};
/* End PBXVariantGroup section */

/* Begin XCBuildConfiguration section */
		E21185312E7AFCDE003680F2 /* Debug */ = {
			isa = XCBuildConfiguration;
			buildSettings = {
				ALWAYS_SEARCH_USER_PATHS = NO;
				CLANG_ANALYZER_NONNULL = YES;
				CLANG_ANALYZER_NUMBER_OBJECT_CONVERSION = YES_AGGRESSIVE;
				CLANG_CXX_LANGUAGE_STANDARD = "gnu++20";
				CLANG_ENABLE_MODULES = YES;
				CLANG_ENABLE_OBJC_ARC = YES;
				CLANG_ENABLE_OBJC_WEAK = YES;
				CLANG_WARN_BLOCK_CAPTURE_AUTORELEASING = YES;
				CLANG_WARN_BOOL_CONVERSION = YES;
				CLANG_WARN_COMMA = YES;
				CLANG_WARN_CONSTANT_CONVERSION = YES;
				CLANG_WARN_DEPRECATED_OBJC_IMPLEMENTATIONS = YES;
				CLANG_WARN_DIRECT_OBJC_ISA_USAGE = YES_ERROR;
				CLANG_WARN_DOCUMENTATION_COMMENTS = YES;
				CLANG_WARN_EMPTY_BODY = YES;
				CLANG_WARN_ENUM_CONVERSION = YES;
				CLANG_WARN_INFINITE_RECURSION = YES;
				CLANG_WARN_INT_CONVERSION = YES;
				CLANG_WARN_NON_LITERAL_NULL_CONVERSION = YES;
				CLANG_WARN_OBJC_IMPLICIT_RETAIN_SELF = YES;
				CLANG_WARN_OBJC_LITERAL_CONVERSION = YES;
				CLANG_WARN_OBJC_ROOT_CLASS = YES_ERROR;
				CLANG_WARN_QUOTED_INCLUDE_IN_FRAMEWORK_HEADER = YES;
				CLANG_WARN_RANGE_LOOP_ANALYSIS = YES;
				CLANG_WARN_STRICT_PROTOTYPES = YES;
				CLANG_WARN_SUSPICIOUS_MOVE = YES;
				CLANG_WARN_UNGUARDED_AVAILABILITY = YES_AGGRESSIVE;
				CLANG_WARN_UNREACHABLE_CODE = YES;
				CLANG_WARN__DUPLICATE_METHOD_MATCH = YES;
				COPY_PHASE_STRIP = NO;
				DEBUG_INFORMATION_FORMAT = dwarf;
				ENABLE_STRICT_OBJC_MSGSEND = YES;
				ENABLE_TESTABILITY = YES;
				GCC_C_LANGUAGE_STANDARD = gnu11;
				GCC_DYNAMIC_NO_PIC = NO;
				GCC_NO_COMMON_BLOCKS = YES;
				GCC_OPTIMIZATION_LEVEL = 0;
				GCC_PREPROCESSOR_DEFINITIONS = (
					"DEBUG=1",
					"$(inherited)",
				);
				GCC_WARN_64_TO_32_BIT_CONVERSION = YES;
				GCC_WARN_ABOUT_RETURN_TYPE = YES_ERROR;
				GCC_WARN_UNDECLARED_SELECTOR = YES;
				GCC_WARN_UNINITIALIZED_AUTOS = YES_AGGRESSIVE;
				GCC_WARN_UNUSED_FUNCTION = YES;
				GCC_WARN_UNUSED_VARIABLE = YES;
				IPHONEOS_DEPLOYMENT_TARGET = 16.1;
				MTL_ENABLE_DEBUG_INFO = INCLUDE_SOURCE;
				MTL_FAST_MATH = YES;
				ONLY_ACTIVE_ARCH = YES;
				SDKROOT = iphoneos;
			};
			name = Debug;
		};
		E21185322E7AFCDE003680F2 /* Release */ = {
			isa = XCBuildConfiguration;
			buildSettings = {
				ALWAYS_SEARCH_USER_PATHS = NO;
				CLANG_ANALYZER_NONNULL = YES;
				CLANG_ANALYZER_NUMBER_OBJECT_CONVERSION = YES_AGGRESSIVE;
				CLANG_CXX_LANGUAGE_STANDARD = "gnu++20";
				CLANG_ENABLE_MODULES = YES;
				CLANG_ENABLE_OBJC_ARC = YES;
				CLANG_ENABLE_OBJC_WEAK = YES;
				CLANG_WARN_BLOCK_CAPTURE_AUTORELEASING = YES;
				CLANG_WARN_BOOL_CONVERSION = YES;
				CLANG_WARN_COMMA = YES;
				CLANG_WARN_CONSTANT_CONVERSION = YES;
				CLANG_WARN_DEPRECATED_OBJC_IMPLEMENTATIONS = YES;
				CLANG_WARN_DIRECT_OBJC_ISA_USAGE = YES_ERROR;
				CLANG_WARN_DOCUMENTATION_COMMENTS = YES;
				CLANG_WARN_EMPTY_BODY = YES;
				CLANG_WARN_ENUM_CONVERSION = YES;
				CLANG_WARN_INFINITE_RECURSION = YES;
				CLANG_WARN_INT_CONVERSION = YES;
				CLANG_WARN_NON_LITERAL_NULL_CONVERSION = YES;
				CLANG_WARN_OBJC_IMPLICIT_RETAIN_SELF = YES;
				CLANG_WARN_OBJC_LITERAL_CONVERSION = YES;
				CLANG_WARN_OBJC_ROOT_CLASS = YES_ERROR;
				CLANG_WARN_QUOTED_INCLUDE_IN_FRAMEWORK_HEADER = YES;
				CLANG_WARN_RANGE_LOOP_ANALYSIS = YES;
				CLANG_WARN_STRICT_PROTOTYPES = YES;
				CLANG_WARN_SUSPICIOUS_MOVE = YES;
				CLANG_WARN_UNGUARDED_AVAILABILITY = YES_AGGRESSIVE;
				CLANG_WARN_UNREACHABLE_CODE = YES;
				CLANG_WARN__DUPLICATE_METHOD_MATCH = YES;
				COPY_PHASE_STRIP = NO;
				DEBUG_INFORMATION_FORMAT = "dwarf-with-dsym";
				ENABLE_NS_ASSERTIONS = NO;
				ENABLE_STRICT_OBJC_MSGSEND = YES;
				GCC_C_LANGUAGE_STANDARD = gnu11;
				GCC_NO_COMMON_BLOCKS = YES;
				GCC_WARN_64_TO_32_BIT_CONVERSION = YES;
				GCC_WARN_ABOUT_RETURN_TYPE = YES_ERROR;
				GCC_WARN_UNDECLARED_SELECTOR = YES;
				GCC_WARN_UNINITIALIZED_AUTOS = YES_AGGRESSIVE;
				GCC_WARN_UNUSED_FUNCTION = YES;
				GCC_WARN_UNUSED_VARIABLE = YES;
				IPHONEOS_DEPLOYMENT_TARGET = 16.1;
				MTL_ENABLE_DEBUG_INFO = NO;
				MTL_FAST_MATH = YES;
				SDKROOT = iphoneos;
				VALIDATE_PRODUCT = YES;
			};
			name = Release;
		};
		E21185342E7AFCDE003680F2 /* Debug */ = {
			isa = XCBuildConfiguration;
			buildSettings = {
				ASSETCATALOG_COMPILER_APPICON_NAME = AppIcon;
				ASSETCATALOG_COMPILER_GLOBAL_ACCENT_COLOR_NAME = AccentColor;
				CODE_SIGN_STYLE = Automatic;
				CURRENT_PROJECT_VERSION = 1;
				DEVELOPMENT_TEAM = HR3HCFSHRZ;
				GENERATE_INFOPLIST_FILE = YES;
				INFOPLIST_FILE = JOpenGLGraphic/Info.plist;
				INFOPLIST_KEY_UIApplicationSupportsIndirectInputEvents = YES;
				INFOPLIST_KEY_UILaunchStoryboardName = LaunchScreen;
				INFOPLIST_KEY_UIMainStoryboardFile = Main;
				INFOPLIST_KEY_UISupportedInterfaceOrientations_iPad = "UIInterfaceOrientationPortrait UIInterfaceOrientationPortraitUpsideDown UIInterfaceOrientationLandscapeLeft UIInterfaceOrientationLandscapeRight";
				INFOPLIST_KEY_UISupportedInterfaceOrientations_iPhone = "UIInterfaceOrientationPortrait UIInterfaceOrientationLandscapeLeft UIInterfaceOrientationLandscapeRight";
				IPHONEOS_DEPLOYMENT_TARGET = 11.1;
				LD_RUNPATH_SEARCH_PATHS = (
					"$(inherited)",
					"@executable_path/Frameworks",
				);
				MARKETING_VERSION = 1.0.0;
				PRODUCT_BUNDLE_IDENTIFIER = com.greateSoft.JOpenGLGraphic;
				PRODUCT_NAME = "$(TARGET_NAME)";
				SWIFT_EMIT_LOC_STRINGS = YES;
				TARGETED_DEVICE_FAMILY = "1,2";
			};
			name = Debug;
		};
		E21185352E7AFCDE003680F2 /* Release */ = {
			isa = XCBuildConfiguration;
			buildSettings = {
				ASSETCATALOG_COMPILER_APPICON_NAME = AppIcon;
				ASSETCATALOG_COMPILER_GLOBAL_ACCENT_COLOR_NAME = AccentColor;
				CODE_SIGN_STYLE = Automatic;
				CURRENT_PROJECT_VERSION = 1;
				DEVELOPMENT_TEAM = HR3HCFSHRZ;
				GENERATE_INFOPLIST_FILE = YES;
				INFOPLIST_FILE = JOpenGLGraphic/Info.plist;
				INFOPLIST_KEY_UIApplicationSupportsIndirectInputEvents = YES;
				INFOPLIST_KEY_UILaunchStoryboardName = LaunchScreen;
				INFOPLIST_KEY_UIMainStoryboardFile = Main;
				INFOPLIST_KEY_UISupportedInterfaceOrientations_iPad = "UIInterfaceOrientationPortrait UIInterfaceOrientationPortraitUpsideDown UIInterfaceOrientationLandscapeLeft UIInterfaceOrientationLandscapeRight";
				INFOPLIST_KEY_UISupportedInterfaceOrientations_iPhone = "UIInterfaceOrientationPortrait UIInterfaceOrientationLandscapeLeft UIInterfaceOrientationLandscapeRight";
				IPHONEOS_DEPLOYMENT_TARGET = 11.1;
				LD_RUNPATH_SEARCH_PATHS = (
					"$(inherited)",
					"@executable_path/Frameworks",
				);
				MARKETING_VERSION = 1.0.0;
				PRODUCT_BUNDLE_IDENTIFIER = com.greateSoft.JOpenGLGraphic;
				PRODUCT_NAME = "$(TARGET_NAME)";
				SWIFT_EMIT_LOC_STRINGS = YES;
				TARGETED_DEVICE_FAMILY = "1,2";
			};
			name = Release;
		};
/* End XCBuildConfiguration section */

/* Begin XCConfigurationList section */
		E21185152E7AFCD8003680F2 /* Build configuration list for PBXProject "JOpenGLGraphic" */ = {
			isa = XCConfigurationList;
			buildConfigurations = (
				E21185312E7AFCDE003680F2 /* Debug */,
				E21185322E7AFCDE003680F2 /* Release */,
			);
			defaultConfigurationIsVisible = 0;
			defaultConfigurationName = Release;
		};
		E21185332E7AFCDE003680F2 /* Build configuration list for PBXNativeTarget "JOpenGLGraphic" */ = {
			isa = XCConfigurationList;
			buildConfigurations = (
				E21185342E7AFCDE003680F2 /* Debug */,
				E21185352E7AFCDE003680F2 /* Release */,
			);
			defaultConfigurationIsVisible = 0;
			defaultConfigurationName = Release;
		};
/* End XCConfigurationList section */
	};
	rootObject = E21185122E7AFCD8003680F2 /* Project object */;
}
